// !$*UTF8*$!
{
	archiveVersion = 1;
	classes = {
	};
	objectVersion = 56;
	objects = {

/* Begin PBXBuildFile section */
		A03880442996A2E500365541 /* DissertationApp.swift in Sources */ = {isa = PBXBuildFile; fileRef = A03880432996A2E500365541 /* DissertationApp.swift */; };
		A03880462996A2E500365541 /* ContentView.swift in Sources */ = {isa = PBXBuildFile; fileRef = A03880452996A2E500365541 /* ContentView.swift */; };
		A03880482996A2E600365541 /* Assets.xcassets in Resources */ = {isa = PBXBuildFile; fileRef = A03880472996A2E600365541 /* Assets.xcassets */; };
		A038804B2996A2E600365541 /* Preview Assets.xcassets in Resources */ = {isa = PBXBuildFile; fileRef = A038804A2996A2E600365541 /* Preview Assets.xcassets */; };
		A03880552996A2E600365541 /* DissertationTests.swift in Sources */ = {isa = PBXBuildFile; fileRef = A03880542996A2E600365541 /* DissertationTests.swift */; };
		A038805F2996A2E600365541 /* DissertationUITests.swift in Sources */ = {isa = PBXBuildFile; fileRef = A038805E2996A2E600365541 /* DissertationUITests.swift */; };
		A03880612996A2E600365541 /* DissertationUITestsLaunchTests.swift in Sources */ = {isa = PBXBuildFile; fileRef = A03880602996A2E600365541 /* DissertationUITestsLaunchTests.swift */; };
/* End PBXBuildFile section */

/* Begin PBXContainerItemProxy section */
		A03880512996A2E600365541 /* PBXContainerItemProxy */ = {
			isa = PBXContainerItemProxy;
			containerPortal = A03880382996A2E500365541 /* Project object */;
			proxyType = 1;
			remoteGlobalIDString = A038803F2996A2E500365541;
			remoteInfo = Dissertation;
		};
		A038805B2996A2E600365541 /* PBXContainerItemProxy */ = {
			isa = PBXContainerItemProxy;
			containerPortal = A03880382996A2E500365541 /* Project object */;
			proxyType = 1;
			remoteGlobalIDString = A038803F2996A2E500365541;
			remoteInfo = Dissertation;
		};
/* End PBXContainerItemProxy section */

/* Begin PBXFileReference section */
		A03880402996A2E500365541 /* Dissertation.app */ = {isa = PBXFileReference; explicitFileType = wrapper.application; includeInIndex = 0; path = Dissertation.app; sourceTree = BUILT_PRODUCTS_DIR; };
		A03880432996A2E500365541 /* DissertationApp.swift */ = {isa = PBXFileReference; lastKnownFileType = sourcecode.swift; path = DissertationApp.swift; sourceTree = "<group>"; };
		A03880452996A2E500365541 /* ContentView.swift */ = {isa = PBXFileReference; lastKnownFileType = sourcecode.swift; path = ContentView.swift; sourceTree = "<group>"; };
		A03880472996A2E600365541 /* Assets.xcassets */ = {isa = PBXFileReference; lastKnownFileType = folder.assetcatalog; path = Assets.xcassets; sourceTree = "<group>"; };
		A038804A2996A2E600365541 /* Preview Assets.xcassets */ = {isa = PBXFileReference; lastKnownFileType = folder.assetcatalog; path = "Preview Assets.xcassets"; sourceTree = "<group>"; };
		A03880502996A2E600365541 /* DissertationTests.xctest */ = {isa = PBXFileReference; explicitFileType = wrapper.cfbundle; includeInIndex = 0; path = DissertationTests.xctest; sourceTree = BUILT_PRODUCTS_DIR; };
		A03880542996A2E600365541 /* DissertationTests.swift */ = {isa = PBXFileReference; lastKnownFileType = sourcecode.swift; path = DissertationTests.swift; sourceTree = "<group>"; };
		A038805A2996A2E600365541 /* DissertationUITests.xctest */ = {isa = PBXFileReference; explicitFileType = wrapper.cfbundle; includeInIndex = 0; path = DissertationUITests.xctest; sourceTree = BUILT_PRODUCTS_DIR; };
		A038805E2996A2E600365541 /* DissertationUITests.swift */ = {isa = PBXFileReference; lastKnownFileType = sourcecode.swift; path = DissertationUITests.swift; sourceTree = "<group>"; };
		A03880602996A2E600365541 /* DissertationUITestsLaunchTests.swift */ = {isa = PBXFileReference; lastKnownFileType = sourcecode.swift; path = DissertationUITestsLaunchTests.swift; sourceTree = "<group>"; };
/* End PBXFileReference section */

/* Begin PBXFrameworksBuildPhase section */
		A038803D2996A2E500365541 /* Frameworks */ = {
			isa = PBXFrameworksBuildPhase;
			buildActionMask = 2147483647;
			files = (
			);
			runOnlyForDeploymentPostprocessing = 0;
		};
		A038804D2996A2E600365541 /* Frameworks */ = {
			isa = PBXFrameworksBuildPhase;
			buildActionMask = 2147483647;
			files = (
			);
			runOnlyForDeploymentPostprocessing = 0;
		};
		A03880572996A2E600365541 /* Frameworks */ = {
			isa = PBXFrameworksBuildPhase;
			buildActionMask = 2147483647;
			files = (
			);
			runOnlyForDeploymentPostprocessing = 0;
		};
/* End PBXFrameworksBuildPhase section */

/* Begin PBXGroup section */
		A03880372996A2E500365541 = {
			isa = PBXGroup;
			children = (
				A03880422996A2E500365541 /* Dissertation */,
				A03880532996A2E600365541 /* DissertationTests */,
				A038805D2996A2E600365541 /* DissertationUITests */,
				A03880412996A2E500365541 /* Products */,
			);
			sourceTree = "<group>";
		};
		A03880412996A2E500365541 /* Products */ = {
			isa = PBXGroup;
			children = (
				A03880402996A2E500365541 /* Dissertation.app */,
				A03880502996A2E600365541 /* DissertationTests.xctest */,
				A038805A2996A2E600365541 /* DissertationUITests.xctest */,
			);
			name = Products;
			sourceTree = "<group>";
		};
		A03880422996A2E500365541 /* Dissertation */ = {
			isa = PBXGroup;
			children = (
				A03880432996A2E500365541 /* DissertationApp.swift */,
				A03880452996A2E500365541 /* ContentView.swift */,
				A03880472996A2E600365541 /* Assets.xcassets */,
				A03880492996A2E600365541 /* Preview Content */,
			);
			path = Dissertation;
			sourceTree = "<group>";
		};
		A03880492996A2E600365541 /* Preview Content */ = {
			isa = PBXGroup;
			children = (
				A038804A2996A2E600365541 /* Preview Assets.xcassets */,
			);
			path = "Preview Content";
			sourceTree = "<group>";
		};
		A03880532996A2E600365541 /* DissertationTests */ = {
			isa = PBXGroup;
			children = (
				A03880542996A2E600365541 /* DissertationTests.swift */,
			);
			path = DissertationTests;
			sourceTree = "<group>";
		};
		A038805D2996A2E600365541 /* DissertationUITests */ = {
			isa = PBXGroup;
			children = (
				A038805E2996A2E600365541 /* DissertationUITests.swift */,
				A03880602996A2E600365541 /* DissertationUITestsLaunchTests.swift */,
			);
			path = DissertationUITests;
			sourceTree = "<group>";
		};
/* End PBXGroup section */

/* Begin PBXNativeTarget section */
		A038803F2996A2E500365541 /* Dissertation */ = {
			isa = PBXNativeTarget;
			buildConfigurationList = A03880642996A2E600365541 /* Build configuration list for PBXNativeTarget "Dissertation" */;
			buildPhases = (
				A038803C2996A2E500365541 /* Sources */,
				A038803D2996A2E500365541 /* Frameworks */,
				A038803E2996A2E500365541 /* Resources */,
			);
			buildRules = (
			);
			dependencies = (
			);
			name = Dissertation;
			productName = Dissertation;
			productReference = A03880402996A2E500365541 /* Dissertation.app */;
			productType = "com.apple.product-type.application";
		};
		A038804F2996A2E600365541 /* DissertationTests */ = {
			isa = PBXNativeTarget;
			buildConfigurationList = A03880672996A2E600365541 /* Build configuration list for PBXNativeTarget "DissertationTests" */;
			buildPhases = (
				A038804C2996A2E600365541 /* Sources */,
				A038804D2996A2E600365541 /* Frameworks */,
				A038804E2996A2E600365541 /* Resources */,
			);
			buildRules = (
			);
			dependencies = (
				A03880522996A2E600365541 /* PBXTargetDependency */,
			);
			name = DissertationTests;
			productName = DissertationTests;
			productReference = A03880502996A2E600365541 /* DissertationTests.xctest */;
			productType = "com.apple.product-type.bundle.unit-test";
		};
		A03880592996A2E600365541 /* DissertationUITests */ = {
			isa = PBXNativeTarget;
			buildConfigurationList = A038806A2996A2E600365541 /* Build configuration list for PBXNativeTarget "DissertationUITests" */;
			buildPhases = (
				A03880562996A2E600365541 /* Sources */,
				A03880572996A2E600365541 /* Frameworks */,
				A03880582996A2E600365541 /* Resources */,
			);
			buildRules = (
			);
			dependencies = (
				A038805C2996A2E600365541 /* PBXTargetDependency */,
			);
			name = DissertationUITests;
			productName = DissertationUITests;
			productReference = A038805A2996A2E600365541 /* DissertationUITests.xctest */;
			productType = "com.apple.product-type.bundle.ui-testing";
		};
/* End PBXNativeTarget section */

/* Begin PBXProject section */
		A03880382996A2E500365541 /* Project object */ = {
			isa = PBXProject;
			attributes = {
				BuildIndependentTargetsInParallel = 1;
				LastSwiftUpdateCheck = 1420;
				LastUpgradeCheck = 1420;
				TargetAttributes = {
					A038803F2996A2E500365541 = {
						CreatedOnToolsVersion = 14.2;
					};
					A038804F2996A2E600365541 = {
						CreatedOnToolsVersion = 14.2;
						TestTargetID = A038803F2996A2E500365541;
					};
					A03880592996A2E600365541 = {
						CreatedOnToolsVersion = 14.2;
						TestTargetID = A038803F2996A2E500365541;
					};
				};
			};
			buildConfigurationList = A038803B2996A2E500365541 /* Build configuration list for PBXProject "Dissertation" */;
			compatibilityVersion = "Xcode 14.0";
			developmentRegion = en;
			hasScannedForEncodings = 0;
			knownRegions = (
				en,
				Base,
			);
			mainGroup = A03880372996A2E500365541;
			productRefGroup = A03880412996A2E500365541 /* Products */;
			projectDirPath = "";
			projectRoot = "";
			targets = (
				A038803F2996A2E500365541 /* Dissertation */,
				A038804F2996A2E600365541 /* DissertationTests */,
				A03880592996A2E600365541 /* DissertationUITests */,
			);
		};
/* End PBXProject section */

/* Begin PBXResourcesBuildPhase section */
		A038803E2996A2E500365541 /* Resources */ = {
			isa = PBXResourcesBuildPhase;
			buildActionMask = 2147483647;
			files = (
				A038804B2996A2E600365541 /* Preview Assets.xcassets in Resources */,
				A03880482996A2E600365541 /* Assets.xcassets in Resources */,
			);
			runOnlyForDeploymentPostprocessing = 0;
		};
		A038804E2996A2E600365541 /* Resources */ = {
			isa = PBXResourcesBuildPhase;
			buildActionMask = 2147483647;
			files = (
			);
			runOnlyForDeploymentPostprocessing = 0;
		};
		A03880582996A2E600365541 /* Resources */ = {
			isa = PBXResourcesBuildPhase;
			buildActionMask = 2147483647;
			files = (
			);
			runOnlyForDeploymentPostprocessing = 0;
		};
/* End PBXResourcesBuildPhase section */

/* Begin PBXSourcesBuildPhase section */
		A038803C2996A2E500365541 /* Sources */ = {
			isa = PBXSourcesBuildPhase;
			buildActionMask = 2147483647;
			files = (
				A03880462996A2E500365541 /* ContentView.swift in Sources */,
				A03880442996A2E500365541 /* DissertationApp.swift in Sources */,
			);
			runOnlyForDeploymentPostprocessing = 0;
		};
		A038804C2996A2E600365541 /* Sources */ = {
			isa = PBXSourcesBuildPhase;
			buildActionMask = 2147483647;
			files = (
				A03880552996A2E600365541 /* DissertationTests.swift in Sources */,
			);
			runOnlyForDeploymentPostprocessing = 0;
		};
		A03880562996A2E600365541 /* Sources */ = {
			isa = PBXSourcesBuildPhase;
			buildActionMask = 2147483647;
			files = (
				A038805F2996A2E600365541 /* DissertationUITests.swift in Sources */,
				A03880612996A2E600365541 /* DissertationUITestsLaunchTests.swift in Sources */,
			);
			runOnlyForDeploymentPostprocessing = 0;
		};
/* End PBXSourcesBuildPhase section */

/* Begin PBXTargetDependency section */
		A03880522996A2E600365541 /* PBXTargetDependency */ = {
			isa = PBXTargetDependency;
			target = A038803F2996A2E500365541 /* Dissertation */;
			targetProxy = A03880512996A2E600365541 /* PBXContainerItemProxy */;
		};
		A038805C2996A2E600365541 /* PBXTargetDependency */ = {
			isa = PBXTargetDependency;
			target = A038803F2996A2E500365541 /* Dissertation */;
			targetProxy = A038805B2996A2E600365541 /* PBXContainerItemProxy */;
		};
/* End PBXTargetDependency section */

/* Begin XCBuildConfiguration section */
		A03880622996A2E600365541 /* Debug */ = {
			isa = XCBuildConfiguration;
			buildSettings = {
				ALWAYS_SEARCH_USER_PATHS = NO;
				CLANG_ANALYZER_NONNULL = YES;
				CLANG_ANALYZER_NUMBER_OBJECT_CONVERSION = YES_AGGRESSIVE;
				CLANG_CXX_LANGUAGE_STANDARD = "gnu++20";
				CLANG_ENABLE_MODULES = YES;
				CLANG_ENABLE_OBJC_ARC = YES;
				CLANG_ENABLE_OBJC_WEAK = YES;
				CLANG_WARN_BLOCK_CAPTURE_AUTORELEASING = YES;
				CLANG_WARN_BOOL_CONVERSION = YES;
				CLANG_WARN_COMMA = YES;
				CLANG_WARN_CONSTANT_CONVERSION = YES;
				CLANG_WARN_DEPRECATED_OBJC_IMPLEMENTATIONS = YES;
				CLANG_WARN_DIRECT_OBJC_ISA_USAGE = YES_ERROR;
				CLANG_WARN_DOCUMENTATION_COMMENTS = YES;
				CLANG_WARN_EMPTY_BODY = YES;
				CLANG_WARN_ENUM_CONVERSION = YES;
				CLANG_WARN_INFINITE_RECURSION = YES;
				CLANG_WARN_INT_CONVERSION = YES;
				CLANG_WARN_NON_LITERAL_NULL_CONVERSION = YES;
				CLANG_WARN_OBJC_IMPLICIT_RETAIN_SELF = YES;
				CLANG_WARN_OBJC_LITERAL_CONVERSION = YES;
				CLANG_WARN_OBJC_ROOT_CLASS = YES_ERROR;
				CLANG_WARN_QUOTED_INCLUDE_IN_FRAMEWORK_HEADER = YES;
				CLANG_WARN_RANGE_LOOP_ANALYSIS = YES;
				CLANG_WARN_STRICT_PROTOTYPES = YES;
				CLANG_WARN_SUSPICIOUS_MOVE = YES;
				CLANG_WARN_UNGUARDED_AVAILABILITY = YES_AGGRESSIVE;
				CLANG_WARN_UNREACHABLE_CODE = YES;
				CLANG_WARN__DUPLICATE_METHOD_MATCH = YES;
				COPY_PHASE_STRIP = NO;
				DEBUG_INFORMATION_FORMAT = dwarf;
				ENABLE_STRICT_OBJC_MSGSEND = YES;
				ENABLE_TESTABILITY = YES;
				GCC_C_LANGUAGE_STANDARD = gnu11;
				GCC_DYNAMIC_NO_PIC = NO;
				GCC_NO_COMMON_BLOCKS = YES;
				GCC_OPTIMIZATION_LEVEL = 0;
				GCC_PREPROCESSOR_DEFINITIONS = (
					"DEBUG=1",
					"$(inherited)",
				);
				GCC_WARN_64_TO_32_BIT_CONVERSION = YES;
				GCC_WARN_ABOUT_RETURN_TYPE = YES_ERROR;
				GCC_WARN_UNDECLARED_SELECTOR = YES;
				GCC_WARN_UNINITIALIZED_AUTOS = YES_AGGRESSIVE;
				GCC_WARN_UNUSED_FUNCTION = YES;
				GCC_WARN_UNUSED_VARIABLE = YES;
				IPHONEOS_DEPLOYMENT_TARGET = 16.2;
				MTL_ENABLE_DEBUG_INFO = INCLUDE_SOURCE;
				MTL_FAST_MATH = YES;
				ONLY_ACTIVE_ARCH = YES;
				SDKROOT = iphoneos;
				SWIFT_ACTIVE_COMPILATION_CONDITIONS = DEBUG;
				SWIFT_OPTIMIZATION_LEVEL = "-Onone";
			};
			name = Debug;
		};
		A03880632996A2E600365541 /* Release */ = {
			isa = XCBuildConfiguration;
			buildSettings = {
				ALWAYS_SEARCH_USER_PATHS = NO;
				CLANG_ANALYZER_NONNULL = YES;
				CLANG_ANALYZER_NUMBER_OBJECT_CONVERSION = YES_AGGRESSIVE;
				CLANG_CXX_LANGUAGE_STANDARD = "gnu++20";
				CLANG_ENABLE_MODULES = YES;
				CLANG_ENABLE_OBJC_ARC = YES;
				CLANG_ENABLE_OBJC_WEAK = YES;
				CLANG_WARN_BLOCK_CAPTURE_AUTORELEASING = YES;
				CLANG_WARN_BOOL_CONVERSION = YES;
				CLANG_WARN_COMMA = YES;
				CLANG_WARN_CONSTANT_CONVERSION = YES;
				CLANG_WARN_DEPRECATED_OBJC_IMPLEMENTATIONS = YES;
				CLANG_WARN_DIRECT_OBJC_ISA_USAGE = YES_ERROR;
				CLANG_WARN_DOCUMENTATION_COMMENTS = YES;
				CLANG_WARN_EMPTY_BODY = YES;
				CLANG_WARN_ENUM_CONVERSION = YES;
				CLANG_WARN_INFINITE_RECURSION = YES;
				CLANG_WARN_INT_CONVERSION = YES;
				CLANG_WARN_NON_LITERAL_NULL_CONVERSION = YES;
				CLANG_WARN_OBJC_IMPLICIT_RETAIN_SELF = YES;
				CLANG_WARN_OBJC_LITERAL_CONVERSION = YES;
				CLANG_WARN_OBJC_ROOT_CLASS = YES_ERROR;
				CLANG_WARN_QUOTED_INCLUDE_IN_FRAMEWORK_HEADER = YES;
				CLANG_WARN_RANGE_LOOP_ANALYSIS = YES;
				CLANG_WARN_STRICT_PROTOTYPES = YES;
				CLANG_WARN_SUSPICIOUS_MOVE = YES;
				CLANG_WARN_UNGUARDED_AVAILABILITY = YES_AGGRESSIVE;
				CLANG_WARN_UNREACHABLE_CODE = YES;
				CLANG_WARN__DUPLICATE_METHOD_MATCH = YES;
				COPY_PHASE_STRIP = NO;
				DEBUG_INFORMATION_FORMAT = "dwarf-with-dsym";
				ENABLE_NS_ASSERTIONS = NO;
				ENABLE_STRICT_OBJC_MSGSEND = YES;
				GCC_C_LANGUAGE_STANDARD = gnu11;
				GCC_NO_COMMON_BLOCKS = YES;
				GCC_WARN_64_TO_32_BIT_CONVERSION = YES;
				GCC_WARN_ABOUT_RETURN_TYPE = YES_ERROR;
				GCC_WARN_UNDECLARED_SELECTOR = YES;
				GCC_WARN_UNINITIALIZED_AUTOS = YES_AGGRESSIVE;
				GCC_WARN_UNUSED_FUNCTION = YES;
				GCC_WARN_UNUSED_VARIABLE = YES;
				IPHONEOS_DEPLOYMENT_TARGET = 16.2;
				MTL_ENABLE_DEBUG_INFO = NO;
				MTL_FAST_MATH = YES;
				SDKROOT = iphoneos;
				SWIFT_COMPILATION_MODE = wholemodule;
				SWIFT_OPTIMIZATION_LEVEL = "-O";
				VALIDATE_PRODUCT = YES;
			};
			name = Release;
		};
		A03880652996A2E600365541 /* Debug */ = {
			isa = XCBuildConfiguration;
			buildSettings = {
				ASSETCATALOG_COMPILER_APPICON_NAME = AppIcon;
				ASSETCATALOG_COMPILER_GLOBAL_ACCENT_COLOR_NAME = AccentColor;
				CODE_SIGN_STYLE = Automatic;
				CURRENT_PROJECT_VERSION = 1;
				DEVELOPMENT_ASSET_PATHS = "\"Dissertation/Preview Content\"";
				DEVELOPMENT_TEAM = AVAF73XXPS;
				ENABLE_PREVIEWS = YES;
				GENERATE_INFOPLIST_FILE = YES;
				INFOPLIST_KEY_UIApplicationSceneManifest_Generation = YES;
				INFOPLIST_KEY_UIApplicationSupportsIndirectInputEvents = YES;
				INFOPLIST_KEY_UILaunchScreen_Generation = YES;
				INFOPLIST_KEY_UISupportedInterfaceOrientations_iPad = "UIInterfaceOrientationPortrait UIInterfaceOrientationPortraitUpsideDown UIInterfaceOrientationLandscapeLeft UIInterfaceOrientationLandscapeRight";
				INFOPLIST_KEY_UISupportedInterfaceOrientations_iPhone = "UIInterfaceOrientationPortrait UIInterfaceOrientationLandscapeLeft UIInterfaceOrientationLandscapeRight";
				LD_RUNPATH_SEARCH_PATHS = (
					"$(inherited)",
					"@executable_path/Frameworks",
				);
				MARKETING_VERSION = 1.0;
				PRODUCT_BUNDLE_IDENTIFIER = LucasLemoine.Dissertation;
				PRODUCT_NAME = "$(TARGET_NAME)";
				SWIFT_EMIT_LOC_STRINGS = YES;
				SWIFT_VERSION = 5.0;
				TARGETED_DEVICE_FAMILY = "1,2";
			};
			name = Debug;
		};
		A03880662996A2E600365541 /* Release */ = {
			isa = XCBuildConfiguration;
			buildSettings = {
				ASSETCATALOG_COMPILER_APPICON_NAME = AppIcon;
				ASSETCATALOG_COMPILER_GLOBAL_ACCENT_COLOR_NAME = AccentColor;
				CODE_SIGN_STYLE = Automatic;
				CURRENT_PROJECT_VERSION = 1;
				DEVELOPMENT_ASSET_PATHS = "\"Dissertation/Preview Content\"";
				DEVELOPMENT_TEAM = AVAF73XXPS;
				ENABLE_PREVIEWS = YES;
				GENERATE_INFOPLIST_FILE = YES;
				INFOPLIST_KEY_UIApplicationSceneManifest_Generation = YES;
				INFOPLIST_KEY_UIApplicationSupportsIndirectInputEvents = YES;
				INFOPLIST_KEY_UILaunchScreen_Generation = YES;
				INFOPLIST_KEY_UISupportedInterfaceOrientations_iPad = "UIInterfaceOrientationPortrait UIInterfaceOrientationPortraitUpsideDown UIInterfaceOrientationLandscapeLeft UIInterfaceOrientationLandscapeRight";
				INFOPLIST_KEY_UISupportedInterfaceOrientations_iPhone = "UIInterfaceOrientationPortrait UIInterfaceOrientationLandscapeLeft UIInterfaceOrientationLandscapeRight";
				LD_RUNPATH_SEARCH_PATHS = (
					"$(inherited)",
					"@executable_path/Frameworks",
				);
				MARKETING_VERSION = 1.0;
				PRODUCT_BUNDLE_IDENTIFIER = LucasLemoine.Dissertation;
				PRODUCT_NAME = "$(TARGET_NAME)";
				SWIFT_EMIT_LOC_STRINGS = YES;
				SWIFT_VERSION = 5.0;
				TARGETED_DEVICE_FAMILY = "1,2";
			};
			name = Release;
		};
		A03880682996A2E600365541 /* Debug */ = {
			isa = XCBuildConfiguration;
			buildSettings = {
				ALWAYS_EMBED_SWIFT_STANDARD_LIBRARIES = YES;
				BUNDLE_LOADER = "$(TEST_HOST)";
				CODE_SIGN_STYLE = Automatic;
				CURRENT_PROJECT_VERSION = 1;
				DEVELOPMENT_TEAM = AVAF73XXPS;
				GENERATE_INFOPLIST_FILE = YES;
				IPHONEOS_DEPLOYMENT_TARGET = 16.2;
				MARKETING_VERSION = 1.0;
				PRODUCT_BUNDLE_IDENTIFIER = LucasLemoine.DissertationTests;
				PRODUCT_NAME = "$(TARGET_NAME)";
				SWIFT_EMIT_LOC_STRINGS = NO;
				SWIFT_VERSION = 5.0;
				TARGETED_DEVICE_FAMILY = "1,2";
				TEST_HOST = "$(BUILT_PRODUCTS_DIR)/Dissertation.app/$(BUNDLE_EXECUTABLE_FOLDER_PATH)/Dissertation";
			};
			name = Debug;
		};
		A03880692996A2E600365541 /* Release */ = {
			isa = XCBuildConfiguration;
			buildSettings = {
				ALWAYS_EMBED_SWIFT_STANDARD_LIBRARIES = YES;
				BUNDLE_LOADER = "$(TEST_HOST)";
				CODE_SIGN_STYLE = Automatic;
				CURRENT_PROJECT_VERSION = 1;
				DEVELOPMENT_TEAM = AVAF73XXPS;
				GENERATE_INFOPLIST_FILE = YES;
				IPHONEOS_DEPLOYMENT_TARGET = 16.2;
				MARKETING_VERSION = 1.0;
				PRODUCT_BUNDLE_IDENTIFIER = LucasLemoine.DissertationTests;
				PRODUCT_NAME = "$(TARGET_NAME)";
				SWIFT_EMIT_LOC_STRINGS = NO;
				SWIFT_VERSION = 5.0;
				TARGETED_DEVICE_FAMILY = "1,2";
				TEST_HOST = "$(BUILT_PRODUCTS_DIR)/Dissertation.app/$(BUNDLE_EXECUTABLE_FOLDER_PATH)/Dissertation";
			};
			name = Release;
		};
		A038806B2996A2E600365541 /* Debug */ = {
			isa = XCBuildConfiguration;
			buildSettings = {
				ALWAYS_EMBED_SWIFT_STANDARD_LIBRARIES = YES;
				CODE_SIGN_STYLE = Automatic;
				CURRENT_PROJECT_VERSION = 1;
				DEVELOPMENT_TEAM = AVAF73XXPS;
				GENERATE_INFOPLIST_FILE = YES;
				MARKETING_VERSION = 1.0;
				PRODUCT_BUNDLE_IDENTIFIER = LucasLemoine.DissertationUITests;
				PRODUCT_NAME = "$(TARGET_NAME)";
				SWIFT_EMIT_LOC_STRINGS = NO;
				SWIFT_VERSION = 5.0;
				TARGETED_DEVICE_FAMILY = "1,2";
				TEST_TARGET_NAME = Dissertation;
			};
			name = Debug;
		};
		A038806C2996A2E600365541 /* Release */ = {
			isa = XCBuildConfiguration;
			buildSettings = {
				ALWAYS_EMBED_SWIFT_STANDARD_LIBRARIES = YES;
				CODE_SIGN_STYLE = Automatic;
				CURRENT_PROJECT_VERSION = 1;
				DEVELOPMENT_TEAM = AVAF73XXPS;
				GENERATE_INFOPLIST_FILE = YES;
				MARKETING_VERSION = 1.0;
				PRODUCT_BUNDLE_IDENTIFIER = LucasLemoine.DissertationUITests;
				PRODUCT_NAME = "$(TARGET_NAME)";
				SWIFT_EMIT_LOC_STRINGS = NO;
				SWIFT_VERSION = 5.0;
				TARGETED_DEVICE_FAMILY = "1,2";
				TEST_TARGET_NAME = Dissertation;
			};
			name = Release;
		};
/* End XCBuildConfiguration section */

/* Begin XCConfigurationList section */
		A038803B2996A2E500365541 /* Build configuration list for PBXProject "Dissertation" */ = {
			isa = XCConfigurationList;
			buildConfigurations = (
				A03880622996A2E600365541 /* Debug */,
				A03880632996A2E600365541 /* Release */,
			);
			defaultConfigurationIsVisible = 0;
			defaultConfigurationName = Release;
		};
		A03880642996A2E600365541 /* Build configuration list for PBXNativeTarget "Dissertation" */ = {
			isa = XCConfigurationList;
			buildConfigurations = (
				A03880652996A2E600365541 /* Debug */,
				A03880662996A2E600365541 /* Release */,
			);
			defaultConfigurationIsVisible = 0;
			defaultConfigurationName = Release;
		};
		A03880672996A2E600365541 /* Build configuration list for PBXNativeTarget "DissertationTests" */ = {
			isa = XCConfigurationList;
			buildConfigurations = (
				A03880682996A2E600365541 /* Debug */,
				A03880692996A2E600365541 /* Release */,
			);
			defaultConfigurationIsVisible = 0;
			defaultConfigurationName = Release;
		};
		A038806A2996A2E600365541 /* Build configuration list for PBXNativeTarget "DissertationUITests" */ = {
			isa = XCConfigurationList;
			buildConfigurations = (
				A038806B2996A2E600365541 /* Debug */,
				A038806C2996A2E600365541 /* Release */,
			);
			defaultConfigurationIsVisible = 0;
			defaultConfigurationName = Release;
		};
/* End XCConfigurationList section */
	};
	rootObject = A03880382996A2E500365541 /* Project object */;
}
